// !$*UTF8*$!
{
	archiveVersion = 1;
	classes = {
	};
	objectVersion = 77;
	objects = {

/* Begin PBXBuildFile section */
		370580BC2D8E33140066FC43 /* AppDelegate.swift in Sources */ = {isa = PBXBuildFile; fileRef = 370580BB2D8E33140066FC43 /* AppDelegate.swift */; };
		370580BF2D8E33140066FC43 /* Main.storyboard in Resources */ = {isa = PBXBuildFile; fileRef = 370580BD2D8E33140066FC43 /* Main.storyboard */; };
		370580C72D8E33140066FC43 /* Grok Limit UI Extension.appex in Embed Foundation Extensions */ = {isa = PBXBuildFile; fileRef = 370580C62D8E33140066FC43 /* Grok Limit UI Extension.appex */; settings = {ATTRIBUTES = (RemoveHeadersOnCopy, ); }; };
		370580D12D8E33140066FC43 /* Grok Limit UI Extension.appex in Embed Foundation Extensions */ = {isa = PBXBuildFile; fileRef = 370580D02D8E33140066FC43 /* Grok Limit UI Extension.appex */; settings = {ATTRIBUTES = (RemoveHeadersOnCopy, ); }; };
		370580D72D8E33140066FC43 /* Main.html in Resources */ = {isa = PBXBuildFile; fileRef = 3705809A2D8E33120066FC43 /* Main.html */; };
		370580D82D8E33140066FC43 /* Main.html in Resources */ = {isa = PBXBuildFile; fileRef = 3705809A2D8E33120066FC43 /* Main.html */; };
		370580D92D8E33140066FC43 /* Icon.png in Resources */ = {isa = PBXBuildFile; fileRef = 3705809C2D8E33120066FC43 /* Icon.png */; };
		370580DA2D8E33140066FC43 /* Icon.png in Resources */ = {isa = PBXBuildFile; fileRef = 3705809C2D8E33120066FC43 /* Icon.png */; };
		370580DB2D8E33140066FC43 /* Style.css in Resources */ = {isa = PBXBuildFile; fileRef = 3705809D2D8E33120066FC43 /* Style.css */; };
		370580DC2D8E33140066FC43 /* Style.css in Resources */ = {isa = PBXBuildFile; fileRef = 3705809D2D8E33120066FC43 /* Style.css */; };
		370580DD2D8E33140066FC43 /* Script.js in Resources */ = {isa = PBXBuildFile; fileRef = 3705809E2D8E33120066FC43 /* Script.js */; };
		370580DE2D8E33140066FC43 /* Script.js in Resources */ = {isa = PBXBuildFile; fileRef = 3705809E2D8E33120066FC43 /* Script.js */; };
		370580DF2D8E33140066FC43 /* ViewController.swift in Sources */ = {isa = PBXBuildFile; fileRef = 3705809F2D8E33120066FC43 /* ViewController.swift */; };
		370580E02D8E33140066FC43 /* ViewController.swift in Sources */ = {isa = PBXBuildFile; fileRef = 3705809F2D8E33120066FC43 /* ViewController.swift */; };
		370580E12D8E33140066FC43 /* Assets.xcassets in Resources */ = {isa = PBXBuildFile; fileRef = 370580A02D8E33140066FC43 /* Assets.xcassets */; };
		370580E22D8E33140066FC43 /* Assets.xcassets in Resources */ = {isa = PBXBuildFile; fileRef = 370580A02D8E33140066FC43 /* Assets.xcassets */; };
		370580E32D8E33140066FC43 /* SafariWebExtensionHandler.swift in Sources */ = {isa = PBXBuildFile; fileRef = 370580A22D8E33140066FC43 /* SafariWebExtensionHandler.swift */; };
		370580E42D8E33140066FC43 /* SafariWebExtensionHandler.swift in Sources */ = {isa = PBXBuildFile; fileRef = 370580A22D8E33140066FC43 /* SafariWebExtensionHandler.swift */; };
		370580FB2D8E33140066FC43 /* networkMonitor.js in Resources */ = {isa = PBXBuildFile; fileRef = 370580F62D8E33140066FC43 /* networkMonitor.js */; };
		370580FC2D8E33140066FC43 /* styles.css in Resources */ = {isa = PBXBuildFile; fileRef = 370580F72D8E33140066FC43 /* styles.css */; };
		370580FD2D8E33140066FC43 /* manifest.json in Resources */ = {isa = PBXBuildFile; fileRef = 370580F82D8E33140066FC43 /* manifest.json */; };
		370580FE2D8E33140066FC43 /* contentScript.js in Resources */ = {isa = PBXBuildFile; fileRef = 370580F92D8E33140066FC43 /* contentScript.js */; };
		370580FF2D8E33140066FC43 /* rateLimitDisplay.html in Resources */ = {isa = PBXBuildFile; fileRef = 370580FA2D8E33140066FC43 /* rateLimitDisplay.html */; };
		370581002D8E33140066FC43 /* networkMonitor.js in Resources */ = {isa = PBXBuildFile; fileRef = 370580F62D8E33140066FC43 /* networkMonitor.js */; };
		370581012D8E33140066FC43 /* styles.css in Resources */ = {isa = PBXBuildFile; fileRef = 370580F72D8E33140066FC43 /* styles.css */; };
		370581022D8E33140066FC43 /* manifest.json in Resources */ = {isa = PBXBuildFile; fileRef = 370580F82D8E33140066FC43 /* manifest.json */; };
		370581032D8E33140066FC43 /* contentScript.js in Resources */ = {isa = PBXBuildFile; fileRef = 370580F92D8E33140066FC43 /* contentScript.js */; };
		370581042D8E33140066FC43 /* rateLimitDisplay.html in Resources */ = {isa = PBXBuildFile; fileRef = 370580FA2D8E33140066FC43 /* rateLimitDisplay.html */; };
/* End PBXBuildFile section */

/* Begin PBXContainerItemProxy section */
		370580C82D8E33140066FC43 /* PBXContainerItemProxy */ = {
			isa = PBXContainerItemProxy;
			containerPortal = 370580942D8E33120066FC43 /* Project object */;
			proxyType = 1;
			remoteGlobalIDString = 370580C52D8E33140066FC43;
			remoteInfo = "Grok Limit UI Extension (iOS)";
		};
		370580D22D8E33140066FC43 /* PBXContainerItemProxy */ = {
			isa = PBXContainerItemProxy;
			containerPortal = 370580942D8E33120066FC43 /* Project object */;
			proxyType = 1;
			remoteGlobalIDString = 370580CF2D8E33140066FC43;
			remoteInfo = "Grok Limit UI Extension (macOS)";
		};
/* End PBXContainerItemProxy section */

/* Begin PBXCopyFilesBuildPhase section */
		370580EA2D8E33140066FC43 /* Embed Foundation Extensions */ = {
			isa = PBXCopyFilesBuildPhase;
			buildActionMask = 2147483647;
			dstPath = "";
			dstSubfolderSpec = 13;
			files = (
				370580C72D8E33140066FC43 /* Grok Limit UI Extension.appex in Embed Foundation Extensions */,
			);
			name = "Embed Foundation Extensions";
			runOnlyForDeploymentPostprocessing = 0;
		};
		370580F12D8E33140066FC43 /* Embed Foundation Extensions */ = {
			isa = PBXCopyFilesBuildPhase;
			buildActionMask = 2147483647;
			dstPath = "";
			dstSubfolderSpec = 13;
			files = (
				370580D12D8E33140066FC43 /* Grok Limit UI Extension.appex in Embed Foundation Extensions */,
			);
			name = "Embed Foundation Extensions";
			runOnlyForDeploymentPostprocessing = 0;
		};
/* End PBXCopyFilesBuildPhase section */

/* Begin PBXFileReference section */
		3705809B2D8E33120066FC43 /* Base */ = {isa = PBXFileReference; lastKnownFileType = text.html; name = Base; path = Base.lproj/Main.html; sourceTree = "<group>"; };
		3705809C2D8E33120066FC43 /* Icon.png */ = {isa = PBXFileReference; lastKnownFileType = image.png; path = Icon.png; sourceTree = "<group>"; };
		3705809D2D8E33120066FC43 /* Style.css */ = {isa = PBXFileReference; lastKnownFileType = text.css; path = Style.css; sourceTree = "<group>"; };
		3705809E2D8E33120066FC43 /* Script.js */ = {isa = PBXFileReference; lastKnownFileType = sourcecode.javascript; path = Script.js; sourceTree = "<group>"; };
		3705809F2D8E33120066FC43 /* ViewController.swift */ = {isa = PBXFileReference; lastKnownFileType = sourcecode.swift; path = ViewController.swift; sourceTree = "<group>"; };
		370580A02D8E33140066FC43 /* Assets.xcassets */ = {isa = PBXFileReference; lastKnownFileType = folder.assetcatalog; path = Assets.xcassets; sourceTree = "<group>"; };
		370580A22D8E33140066FC43 /* SafariWebExtensionHandler.swift */ = {isa = PBXFileReference; lastKnownFileType = sourcecode.swift; path = SafariWebExtensionHandler.swift; sourceTree = "<group>"; };
		370580A72D8E33140066FC43 /* Grok Limit UI.app */ = {isa = PBXFileReference; explicitFileType = wrapper.application; includeInIndex = 0; path = "Grok Limit UI.app"; sourceTree = BUILT_PRODUCTS_DIR; };
		370580B92D8E33140066FC43 /* Grok Limit UI.app */ = {isa = PBXFileReference; explicitFileType = wrapper.application; includeInIndex = 0; path = "Grok Limit UI.app"; sourceTree = BUILT_PRODUCTS_DIR; };
		370580BB2D8E33140066FC43 /* AppDelegate.swift */ = {isa = PBXFileReference; lastKnownFileType = sourcecode.swift; path = AppDelegate.swift; sourceTree = "<group>"; };
		370580BE2D8E33140066FC43 /* Base */ = {isa = PBXFileReference; lastKnownFileType = file.storyboard; name = Base; path = Base.lproj/Main.storyboard; sourceTree = "<group>"; };
		370580C02D8E33140066FC43 /* Info.plist */ = {isa = PBXFileReference; lastKnownFileType = text.plist.xml; path = Info.plist; sourceTree = "<group>"; };
		370580C12D8E33140066FC43 /* Grok Limit UI.entitlements */ = {isa = PBXFileReference; lastKnownFileType = text.plist.entitlements; path = "Grok Limit UI.entitlements"; sourceTree = "<group>"; };
		370580C62D8E33140066FC43 /* Grok Limit UI Extension.appex */ = {isa = PBXFileReference; explicitFileType = "wrapper.app-extension"; includeInIndex = 0; path = "Grok Limit UI Extension.appex"; sourceTree = BUILT_PRODUCTS_DIR; };
		370580D02D8E33140066FC43 /* Grok Limit UI Extension.appex */ = {isa = PBXFileReference; explicitFileType = "wrapper.app-extension"; includeInIndex = 0; path = "Grok Limit UI Extension.appex"; sourceTree = BUILT_PRODUCTS_DIR; };
		370580D52D8E33140066FC43 /* Info.plist */ = {isa = PBXFileReference; lastKnownFileType = text.plist.xml; path = Info.plist; sourceTree = "<group>"; };
		370580D62D8E33140066FC43 /* Grok Limit UI.entitlements */ = {isa = PBXFileReference; lastKnownFileType = text.plist.entitlements; path = "Grok Limit UI.entitlements"; sourceTree = "<group>"; };
		370580F62D8E33140066FC43 /* networkMonitor.js */ = {isa = PBXFileReference; lastKnownFileType = sourcecode.javascript; name = networkMonitor.js; path = ../../src/networkMonitor.js; sourceTree = "<group>"; };
		370580F72D8E33140066FC43 /* styles.css */ = {isa = PBXFileReference; lastKnownFileType = text.css; name = styles.css; path = ../../src/styles.css; sourceTree = "<group>"; };
		370580F82D8E33140066FC43 /* manifest.json */ = {isa = PBXFileReference; lastKnownFileType = text.json; name = manifest.json; path = ../../src/manifest.json; sourceTree = "<group>"; };
		370580F92D8E33140066FC43 /* contentScript.js */ = {isa = PBXFileReference; lastKnownFileType = sourcecode.javascript; name = contentScript.js; path = ../../src/contentScript.js; sourceTree = "<group>"; };
		370580FA2D8E33140066FC43 /* rateLimitDisplay.html */ = {isa = PBXFileReference; lastKnownFileType = text.html; name = rateLimitDisplay.html; path = ../../src/rateLimitDisplay.html; sourceTree = "<group>"; };
/* End PBXFileReference section */

/* Begin PBXFrameworksBuildPhase section */
		370580A42D8E33140066FC43 /* Frameworks */ = {
			isa = PBXFrameworksBuildPhase;
			buildActionMask = 2147483647;
			files = (
			);
			runOnlyForDeploymentPostprocessing = 0;
		};
		370580B62D8E33140066FC43 /* Frameworks */ = {
			isa = PBXFrameworksBuildPhase;
			buildActionMask = 2147483647;
			files = (
			);
			runOnlyForDeploymentPostprocessing = 0;
		};
		370580C32D8E33140066FC43 /* Frameworks */ = {
			isa = PBXFrameworksBuildPhase;
			buildActionMask = 2147483647;
			files = (
			);
			runOnlyForDeploymentPostprocessing = 0;
		};
		370580CD2D8E33140066FC43 /* Frameworks */ = {
			isa = PBXFrameworksBuildPhase;
			buildActionMask = 2147483647;
			files = (
			);
			runOnlyForDeploymentPostprocessing = 0;
		};
/* End PBXFrameworksBuildPhase section */

/* Begin PBXGroup section */
		370580932D8E33120066FC43 = {
			isa = PBXGroup;
			children = (
				370580982D8E33120066FC43 /* Shared (App) */,
				370580A12D8E33140066FC43 /* Shared (Extension) */,
				370580BA2D8E33140066FC43 /* macOS (App) */,
				370580D42D8E33140066FC43 /* macOS (Extension) */,
				370580A82D8E33140066FC43 /* Products */,
			);
			sourceTree = "<group>";
		};
		370580982D8E33120066FC43 /* Shared (App) */ = {
			isa = PBXGroup;
			children = (
				3705809F2D8E33120066FC43 /* ViewController.swift */,
				370580A02D8E33140066FC43 /* Assets.xcassets */,
				370580992D8E33120066FC43 /* Resources */,
			);
			path = "Shared (App)";
			sourceTree = "<group>";
		};
		370580992D8E33120066FC43 /* Resources */ = {
			isa = PBXGroup;
			children = (
				3705809A2D8E33120066FC43 /* Main.html */,
				3705809C2D8E33120066FC43 /* Icon.png */,
				3705809D2D8E33120066FC43 /* Style.css */,
				3705809E2D8E33120066FC43 /* Script.js */,
			);
			path = Resources;
			sourceTree = "<group>";
		};
		370580A12D8E33140066FC43 /* Shared (Extension) */ = {
			isa = PBXGroup;
			children = (
				370580F52D8E33140066FC43 /* Resources */,
				370580A22D8E33140066FC43 /* SafariWebExtensionHandler.swift */,
			);
			path = "Shared (Extension)";
			sourceTree = "<group>";
		};
		370580A82D8E33140066FC43 /* Products */ = {
			isa = PBXGroup;
			children = (
				370580A72D8E33140066FC43 /* Grok Limit UI.app */,
				370580B92D8E33140066FC43 /* Grok Limit UI.app */,
				370580C62D8E33140066FC43 /* Grok Limit UI Extension.appex */,
				370580D02D8E33140066FC43 /* Grok Limit UI Extension.appex */,
			);
			name = Products;
			sourceTree = "<group>";
		};
		370580BA2D8E33140066FC43 /* macOS (App) */ = {
			isa = PBXGroup;
			children = (
				370580BB2D8E33140066FC43 /* AppDelegate.swift */,
				370580BD2D8E33140066FC43 /* Main.storyboard */,
				370580C02D8E33140066FC43 /* Info.plist */,
				370580C12D8E33140066FC43 /* Grok Limit UI.entitlements */,
			);
			path = "macOS (App)";
			sourceTree = "<group>";
		};
		370580D42D8E33140066FC43 /* macOS (Extension) */ = {
			isa = PBXGroup;
			children = (
				370580D52D8E33140066FC43 /* Info.plist */,
				370580D62D8E33140066FC43 /* Grok Limit UI.entitlements */,
			);
			path = "macOS (Extension)";
			sourceTree = "<group>";
		};
		370580F52D8E33140066FC43 /* Resources */ = {
			isa = PBXGroup;
			children = (
				370580F62D8E33140066FC43 /* networkMonitor.js */,
				370580F72D8E33140066FC43 /* styles.css */,
				370580F82D8E33140066FC43 /* manifest.json */,
				370580F92D8E33140066FC43 /* contentScript.js */,
				370580FA2D8E33140066FC43 /* rateLimitDisplay.html */,
			);
			name = Resources;
			path = "Shared (Extension)";
			sourceTree = SOURCE_ROOT;
		};
/* End PBXGroup section */

/* Begin PBXNativeTarget section */
		370580A62D8E33140066FC43 /* Grok Limit UI (iOS) */ = {
			isa = PBXNativeTarget;
			buildConfigurationList = 370580EB2D8E33140066FC43 /* Build configuration list for PBXNativeTarget "Grok Limit UI (iOS)" */;
			buildPhases = (
				370580A32D8E33140066FC43 /* Sources */,
				370580A42D8E33140066FC43 /* Frameworks */,
				370580A52D8E33140066FC43 /* Resources */,
				370580EA2D8E33140066FC43 /* Embed Foundation Extensions */,
			);
			buildRules = (
			);
			dependencies = (
				370580C92D8E33140066FC43 /* PBXTargetDependency */,
			);
			name = "Grok Limit UI (iOS)";
			packageProductDependencies = (
			);
			productName = "Grok Limit UI (iOS)";
			productReference = 370580A72D8E33140066FC43 /* Grok Limit UI.app */;
			productType = "com.apple.product-type.application";
		};
		370580B82D8E33140066FC43 /* Grok Limit UI (macOS) */ = {
			isa = PBXNativeTarget;
			buildConfigurationList = 370580F22D8E33140066FC43 /* Build configuration list for PBXNativeTarget "Grok Limit UI (macOS)" */;
			buildPhases = (
				370580B52D8E33140066FC43 /* Sources */,
				370580B62D8E33140066FC43 /* Frameworks */,
				370580B72D8E33140066FC43 /* Resources */,
				370580F12D8E33140066FC43 /* Embed Foundation Extensions */,
			);
			buildRules = (
			);
			dependencies = (
				370580D32D8E33140066FC43 /* PBXTargetDependency */,
			);
			name = "Grok Limit UI (macOS)";
			packageProductDependencies = (
			);
			productName = "Grok Limit UI (macOS)";
			productReference = 370580B92D8E33140066FC43 /* Grok Limit UI.app */;
			productType = "com.apple.product-type.application";
		};
		370580C52D8E33140066FC43 /* Grok Limit UI Extension (iOS) */ = {
			isa = PBXNativeTarget;
			buildConfigurationList = 370580E72D8E33140066FC43 /* Build configuration list for PBXNativeTarget "Grok Limit UI Extension (iOS)" */;
			buildPhases = (
				370580C22D8E33140066FC43 /* Sources */,
				370580C32D8E33140066FC43 /* Frameworks */,
				370580C42D8E33140066FC43 /* Resources */,
			);
			buildRules = (
			);
			dependencies = (
			);
			name = "Grok Limit UI Extension (iOS)";
			packageProductDependencies = (
			);
			productName = "Grok Limit UI Extension (iOS)";
			productReference = 370580C62D8E33140066FC43 /* Grok Limit UI Extension.appex */;
			productType = "com.apple.product-type.app-extension";
		};
		370580CF2D8E33140066FC43 /* Grok Limit UI Extension (macOS) */ = {
			isa = PBXNativeTarget;
			buildConfigurationList = 370580EE2D8E33140066FC43 /* Build configuration list for PBXNativeTarget "Grok Limit UI Extension (macOS)" */;
			buildPhases = (
				370580CC2D8E33140066FC43 /* Sources */,
				370580CD2D8E33140066FC43 /* Frameworks */,
				370580CE2D8E33140066FC43 /* Resources */,
			);
			buildRules = (
			);
			dependencies = (
			);
			name = "Grok Limit UI Extension (macOS)";
			packageProductDependencies = (
			);
			productName = "Grok Limit UI Extension (macOS)";
			productReference = 370580D02D8E33140066FC43 /* Grok Limit UI Extension.appex */;
			productType = "com.apple.product-type.app-extension";
		};
/* End PBXNativeTarget section */

/* Begin PBXProject section */
		370580942D8E33120066FC43 /* Project object */ = {
			isa = PBXProject;
			attributes = {
				BuildIndependentTargetsInParallel = 1;
				LastSwiftUpdateCheck = 1620;
				LastUpgradeCheck = 1620;
				TargetAttributes = {
					370580A62D8E33140066FC43 = {
						CreatedOnToolsVersion = 16.2;
					};
					370580B82D8E33140066FC43 = {
						CreatedOnToolsVersion = 16.2;
					};
					370580C52D8E33140066FC43 = {
						CreatedOnToolsVersion = 16.2;
					};
					370580CF2D8E33140066FC43 = {
						CreatedOnToolsVersion = 16.2;
					};
				};
			};
			buildConfigurationList = 370580972D8E33120066FC43 /* Build configuration list for PBXProject "Grok Limit UI" */;
			developmentRegion = en;
			hasScannedForEncodings = 0;
			knownRegions = (
				en,
				Base,
			);
			mainGroup = 370580932D8E33120066FC43;
			minimizedProjectReferenceProxies = 1;
			preferredProjectObjectVersion = 77;
			productRefGroup = 370580A82D8E33140066FC43 /* Products */;
			projectDirPath = "";
			projectRoot = "";
			targets = (
				370580A62D8E33140066FC43 /* Grok Limit UI (iOS) */,
				370580B82D8E33140066FC43 /* Grok Limit UI (macOS) */,
				370580C52D8E33140066FC43 /* Grok Limit UI Extension (iOS) */,
				370580CF2D8E33140066FC43 /* Grok Limit UI Extension (macOS) */,
			);
		};
/* End PBXProject section */

/* Begin PBXResourcesBuildPhase section */
		370580A52D8E33140066FC43 /* Resources */ = {
			isa = PBXResourcesBuildPhase;
			buildActionMask = 2147483647;
			files = (
				370580D92D8E33140066FC43 /* Icon.png in Resources */,
				370580D72D8E33140066FC43 /* Main.html in Resources */,
				370580DD2D8E33140066FC43 /* Script.js in Resources */,
				370580E12D8E33140066FC43 /* Assets.xcassets in Resources */,
				370580DB2D8E33140066FC43 /* Style.css in Resources */,
			);
			runOnlyForDeploymentPostprocessing = 0;
		};
		370580B72D8E33140066FC43 /* Resources */ = {
			isa = PBXResourcesBuildPhase;
			buildActionMask = 2147483647;
			files = (
				370580DA2D8E33140066FC43 /* Icon.png in Resources */,
				370580DC2D8E33140066FC43 /* Style.css in Resources */,
				370580BF2D8E33140066FC43 /* Main.storyboard in Resources */,
				370580DE2D8E33140066FC43 /* Script.js in Resources */,
				370580E22D8E33140066FC43 /* Assets.xcassets in Resources */,
				370580D82D8E33140066FC43 /* Main.html in Resources */,
			);
			runOnlyForDeploymentPostprocessing = 0;
		};
		370580C42D8E33140066FC43 /* Resources */ = {
			isa = PBXResourcesBuildPhase;
			buildActionMask = 2147483647;
			files = (
				370581002D8E33140066FC43 /* networkMonitor.js in Resources */,
				370581022D8E33140066FC43 /* manifest.json in Resources */,
				370581012D8E33140066FC43 /* styles.css in Resources */,
				370581032D8E33140066FC43 /* contentScript.js in Resources */,
				370581042D8E33140066FC43 /* rateLimitDisplay.html in Resources */,
			);
			runOnlyForDeploymentPostprocessing = 0;
		};
		370580CE2D8E33140066FC43 /* Resources */ = {
			isa = PBXResourcesBuildPhase;
			buildActionMask = 2147483647;
			files = (
				370580FB2D8E33140066FC43 /* networkMonitor.js in Resources */,
				370580FD2D8E33140066FC43 /* manifest.json in Resources */,
				370580FC2D8E33140066FC43 /* styles.css in Resources */,
				370580FE2D8E33140066FC43 /* contentScript.js in Resources */,
				370580FF2D8E33140066FC43 /* rateLimitDisplay.html in Resources */,
			);
			runOnlyForDeploymentPostprocessing = 0;
		};
/* End PBXResourcesBuildPhase section */

/* Begin PBXSourcesBuildPhase section */
		370580A32D8E33140066FC43 /* Sources */ = {
			isa = PBXSourcesBuildPhase;
			buildActionMask = 2147483647;
			files = (
				370580DF2D8E33140066FC43 /* ViewController.swift in Sources */,
			);
			runOnlyForDeploymentPostprocessing = 0;
		};
		370580B52D8E33140066FC43 /* Sources */ = {
			isa = PBXSourcesBuildPhase;
			buildActionMask = 2147483647;
			files = (
				370580E02D8E33140066FC43 /* ViewController.swift in Sources */,
				370580BC2D8E33140066FC43 /* AppDelegate.swift in Sources */,
			);
			runOnlyForDeploymentPostprocessing = 0;
		};
		370580C22D8E33140066FC43 /* Sources */ = {
			isa = PBXSourcesBuildPhase;
			buildActionMask = 2147483647;
			files = (
				370580E32D8E33140066FC43 /* SafariWebExtensionHandler.swift in Sources */,
			);
			runOnlyForDeploymentPostprocessing = 0;
		};
		370580CC2D8E33140066FC43 /* Sources */ = {
			isa = PBXSourcesBuildPhase;
			buildActionMask = 2147483647;
			files = (
				370580E42D8E33140066FC43 /* SafariWebExtensionHandler.swift in Sources */,
			);
			runOnlyForDeploymentPostprocessing = 0;
		};
/* End PBXSourcesBuildPhase section */

/* Begin PBXTargetDependency section */
		370580C92D8E33140066FC43 /* PBXTargetDependency */ = {
			isa = PBXTargetDependency;
			target = 370580C52D8E33140066FC43 /* Grok Limit UI Extension (iOS) */;
			targetProxy = 370580C82D8E33140066FC43 /* PBXContainerItemProxy */;
		};
		370580D32D8E33140066FC43 /* PBXTargetDependency */ = {
			isa = PBXTargetDependency;
			target = 370580CF2D8E33140066FC43 /* Grok Limit UI Extension (macOS) */;
			targetProxy = 370580D22D8E33140066FC43 /* PBXContainerItemProxy */;
		};
/* End PBXTargetDependency section */

/* Begin PBXVariantGroup section */
		3705809A2D8E33120066FC43 /* Main.html */ = {
			isa = PBXVariantGroup;
			children = (
				3705809B2D8E33120066FC43 /* Base */,
			);
			name = Main.html;
			sourceTree = "<group>";
		};
		370580BD2D8E33140066FC43 /* Main.storyboard */ = {
			isa = PBXVariantGroup;
			children = (
				370580BE2D8E33140066FC43 /* Base */,
			);
			name = Main.storyboard;
			sourceTree = "<group>";
		};
/* End PBXVariantGroup section */

/* Begin XCBuildConfiguration section */
		370580E52D8E33140066FC43 /* Debug */ = {
			isa = XCBuildConfiguration;
			buildSettings = {
				ALWAYS_SEARCH_USER_PATHS = NO;
				ASSETCATALOG_COMPILER_GENERATE_SWIFT_ASSET_SYMBOL_EXTENSIONS = YES;
				CLANG_ANALYZER_NONNULL = YES;
				CLANG_ANALYZER_NUMBER_OBJECT_CONVERSION = YES_AGGRESSIVE;
				CLANG_CXX_LANGUAGE_STANDARD = "gnu++20";
				CLANG_ENABLE_MODULES = YES;
				CLANG_ENABLE_OBJC_ARC = YES;
				CLANG_ENABLE_OBJC_WEAK = YES;
				CLANG_WARN_BLOCK_CAPTURE_AUTORELEASING = YES;
				CLANG_WARN_BOOL_CONVERSION = YES;
				CLANG_WARN_COMMA = YES;
				CLANG_WARN_CONSTANT_CONVERSION = YES;
				CLANG_WARN_DEPRECATED_OBJC_IMPLEMENTATIONS = YES;
				CLANG_WARN_DIRECT_OBJC_ISA_USAGE = YES_ERROR;
				CLANG_WARN_DOCUMENTATION_COMMENTS = YES;
				CLANG_WARN_EMPTY_BODY = YES;
				CLANG_WARN_ENUM_CONVERSION = YES;
				CLANG_WARN_INFINITE_RECURSION = YES;
				CLANG_WARN_INT_CONVERSION = YES;
				CLANG_WARN_NON_LITERAL_NULL_CONVERSION = YES;
				CLANG_WARN_OBJC_IMPLICIT_RETAIN_SELF = YES;
				CLANG_WARN_OBJC_LITERAL_CONVERSION = YES;
				CLANG_WARN_OBJC_ROOT_CLASS = YES_ERROR;
				CLANG_WARN_QUOTED_INCLUDE_IN_FRAMEWORK_HEADER = YES;
				CLANG_WARN_RANGE_LOOP_ANALYSIS = YES;
				CLANG_WARN_STRICT_PROTOTYPES = YES;
				CLANG_WARN_SUSPICIOUS_MOVE = YES;
				CLANG_WARN_UNGUARDED_AVAILABILITY = YES_AGGRESSIVE;
				CLANG_WARN_UNREACHABLE_CODE = YES;
				CLANG_WARN__DUPLICATE_METHOD_MATCH = YES;
				COPY_PHASE_STRIP = NO;
				DEBUG_INFORMATION_FORMAT = dwarf;
				ENABLE_STRICT_OBJC_MSGSEND = YES;
				ENABLE_TESTABILITY = YES;
				ENABLE_USER_SCRIPT_SANDBOXING = YES;
				GCC_C_LANGUAGE_STANDARD = gnu17;
				GCC_DYNAMIC_NO_PIC = NO;
				GCC_NO_COMMON_BLOCKS = YES;
				GCC_OPTIMIZATION_LEVEL = 0;
				GCC_PREPROCESSOR_DEFINITIONS = (
					"DEBUG=1",
					"$(inherited)",
				);
				GCC_WARN_64_TO_32_BIT_CONVERSION = YES;
				GCC_WARN_ABOUT_RETURN_TYPE = YES_ERROR;
				GCC_WARN_UNDECLARED_SELECTOR = YES;
				GCC_WARN_UNINITIALIZED_AUTOS = YES_AGGRESSIVE;
				GCC_WARN_UNUSED_FUNCTION = YES;
				GCC_WARN_UNUSED_VARIABLE = YES;
				LOCALIZATION_PREFERS_STRING_CATALOGS = YES;
				MTL_ENABLE_DEBUG_INFO = INCLUDE_SOURCE;
				MTL_FAST_MATH = YES;
				ONLY_ACTIVE_ARCH = YES;
				SWIFT_ACTIVE_COMPILATION_CONDITIONS = "DEBUG $(inherited)";
				SWIFT_OPTIMIZATION_LEVEL = "-Onone";
			};
			name = Debug;
		};
		370580E62D8E33140066FC43 /* Release */ = {
			isa = XCBuildConfiguration;
			buildSettings = {
				ALWAYS_SEARCH_USER_PATHS = NO;
				ASSETCATALOG_COMPILER_GENERATE_SWIFT_ASSET_SYMBOL_EXTENSIONS = YES;
				CLANG_ANALYZER_NONNULL = YES;
				CLANG_ANALYZER_NUMBER_OBJECT_CONVERSION = YES_AGGRESSIVE;
				CLANG_CXX_LANGUAGE_STANDARD = "gnu++20";
				CLANG_ENABLE_MODULES = YES;
				CLANG_ENABLE_OBJC_ARC = YES;
				CLANG_ENABLE_OBJC_WEAK = YES;
				CLANG_WARN_BLOCK_CAPTURE_AUTORELEASING = YES;
				CLANG_WARN_BOOL_CONVERSION = YES;
				CLANG_WARN_COMMA = YES;
				CLANG_WARN_CONSTANT_CONVERSION = YES;
				CLANG_WARN_DEPRECATED_OBJC_IMPLEMENTATIONS = YES;
				CLANG_WARN_DIRECT_OBJC_ISA_USAGE = YES_ERROR;
				CLANG_WARN_DOCUMENTATION_COMMENTS = YES;
				CLANG_WARN_EMPTY_BODY = YES;
				CLANG_WARN_ENUM_CONVERSION = YES;
				CLANG_WARN_INFINITE_RECURSION = YES;
				CLANG_WARN_INT_CONVERSION = YES;
				CLANG_WARN_NON_LITERAL_NULL_CONVERSION = YES;
				CLANG_WARN_OBJC_IMPLICIT_RETAIN_SELF = YES;
				CLANG_WARN_OBJC_LITERAL_CONVERSION = YES;
				CLANG_WARN_OBJC_ROOT_CLASS = YES_ERROR;
				CLANG_WARN_QUOTED_INCLUDE_IN_FRAMEWORK_HEADER = YES;
				CLANG_WARN_RANGE_LOOP_ANALYSIS = YES;
				CLANG_WARN_STRICT_PROTOTYPES = YES;
				CLANG_WARN_SUSPICIOUS_MOVE = YES;
				CLANG_WARN_UNGUARDED_AVAILABILITY = YES_AGGRESSIVE;
				CLANG_WARN_UNREACHABLE_CODE = YES;
				CLANG_WARN__DUPLICATE_METHOD_MATCH = YES;
				COPY_PHASE_STRIP = NO;
				DEBUG_INFORMATION_FORMAT = "dwarf-with-dsym";
				ENABLE_NS_ASSERTIONS = NO;
				ENABLE_STRICT_OBJC_MSGSEND = YES;
				ENABLE_USER_SCRIPT_SANDBOXING = YES;
				GCC_C_LANGUAGE_STANDARD = gnu17;
				GCC_NO_COMMON_BLOCKS = YES;
				GCC_WARN_64_TO_32_BIT_CONVERSION = YES;
				GCC_WARN_ABOUT_RETURN_TYPE = YES_ERROR;
				GCC_WARN_UNDECLARED_SELECTOR = YES;
				GCC_WARN_UNINITIALIZED_AUTOS = YES_AGGRESSIVE;
				GCC_WARN_UNUSED_FUNCTION = YES;
				GCC_WARN_UNUSED_VARIABLE = YES;
				LOCALIZATION_PREFERS_STRING_CATALOGS = YES;
				MTL_ENABLE_DEBUG_INFO = NO;
				MTL_FAST_MATH = YES;
				SWIFT_COMPILATION_MODE = wholemodule;
			};
			name = Release;
		};
		370580E82D8E33140066FC43 /* Debug */ = {
			isa = XCBuildConfiguration;
			buildSettings = {
				CODE_SIGN_STYLE = Automatic;
				CURRENT_PROJECT_VERSION = 1;
				GENERATE_INFOPLIST_FILE = YES;
				INFOPLIST_FILE = "iOS (Extension)/Info.plist";
				INFOPLIST_KEY_CFBundleDisplayName = "Grok Limit UI Extension";
				INFOPLIST_KEY_NSHumanReadableCopyright = "";
				IPHONEOS_DEPLOYMENT_TARGET = 15.0;
				LD_RUNPATH_SEARCH_PATHS = (
					"$(inherited)",
					"@executable_path/Frameworks",
					"@executable_path/../../Frameworks",
				);
				MARKETING_VERSION = 1.0;
				OTHER_LDFLAGS = (
					"-framework",
					SafariServices,
				);
				PRODUCT_BUNDLE_IDENTIFIER = "com.yourCompany.Grok-Limit-UI.Extension";
				PRODUCT_NAME = "Grok Limit UI Extension";
				SDKROOT = iphoneos;
				SKIP_INSTALL = YES;
				SWIFT_EMIT_LOC_STRINGS = YES;
				SWIFT_VERSION = 5.0;
				TARGETED_DEVICE_FAMILY = "1,2";
			};
			name = Debug;
		};
		370580E92D8E33140066FC43 /* Release */ = {
			isa = XCBuildConfiguration;
			buildSettings = {
				CODE_SIGN_STYLE = Automatic;
				CURRENT_PROJECT_VERSION = 1;
				GENERATE_INFOPLIST_FILE = YES;
				INFOPLIST_FILE = "iOS (Extension)/Info.plist";
				INFOPLIST_KEY_CFBundleDisplayName = "Grok Limit UI Extension";
				INFOPLIST_KEY_NSHumanReadableCopyright = "";
				IPHONEOS_DEPLOYMENT_TARGET = 15.0;
				LD_RUNPATH_SEARCH_PATHS = (
					"$(inherited)",
					"@executable_path/Frameworks",
					"@executable_path/../../Frameworks",
				);
				MARKETING_VERSION = 1.0;
				OTHER_LDFLAGS = (
					"-framework",
					SafariServices,
				);
				PRODUCT_BUNDLE_IDENTIFIER = "com.yourCompany.Grok-Limit-UI.Extension";
				PRODUCT_NAME = "Grok Limit UI Extension";
				SDKROOT = iphoneos;
				SKIP_INSTALL = YES;
				SWIFT_EMIT_LOC_STRINGS = YES;
				SWIFT_VERSION = 5.0;
				TARGETED_DEVICE_FAMILY = "1,2";
				VALIDATE_PRODUCT = YES;
			};
			name = Release;
		};
		370580EC2D8E33140066FC43 /* Debug */ = {
			isa = XCBuildConfiguration;
			buildSettings = {
				ASSETCATALOG_COMPILER_APPICON_NAME = AppIcon;
				ASSETCATALOG_COMPILER_GLOBAL_ACCENT_COLOR_NAME = AccentColor;
				CODE_SIGN_STYLE = Automatic;
				CURRENT_PROJECT_VERSION = 1;
				GENERATE_INFOPLIST_FILE = YES;
				INFOPLIST_FILE = "iOS (App)/Info.plist";
				INFOPLIST_KEY_CFBundleDisplayName = "Grok Limit UI";
				INFOPLIST_KEY_UIApplicationSupportsIndirectInputEvents = YES;
				INFOPLIST_KEY_UILaunchStoryboardName = LaunchScreen;
				INFOPLIST_KEY_UIMainStoryboardFile = Main;
				INFOPLIST_KEY_UISupportedInterfaceOrientations = "UIInterfaceOrientationPortrait UIInterfaceOrientationLandscapeLeft UIInterfaceOrientationLandscapeRight";
				INFOPLIST_KEY_UISupportedInterfaceOrientations_iPad = "UIInterfaceOrientationPortrait UIInterfaceOrientationPortraitUpsideDown UIInterfaceOrientationLandscapeLeft UIInterfaceOrientationLandscapeRight";
				IPHONEOS_DEPLOYMENT_TARGET = 15.0;
				LD_RUNPATH_SEARCH_PATHS = (
					"$(inherited)",
					"@executable_path/Frameworks",
				);
				MARKETING_VERSION = 1.0;
				OTHER_LDFLAGS = (
					"-framework",
					SafariServices,
					"-framework",
					WebKit,
				);
				PRODUCT_BUNDLE_IDENTIFIER = "com.yourCompany.Grok-Limit-UI";
				PRODUCT_NAME = "Grok Limit UI";
				SDKROOT = iphoneos;
				SWIFT_EMIT_LOC_STRINGS = YES;
				SWIFT_VERSION = 5.0;
				TARGETED_DEVICE_FAMILY = "1,2";
			};
			name = Debug;
		};
		370580ED2D8E33140066FC43 /* Release */ = {
			isa = XCBuildConfiguration;
			buildSettings = {
				ASSETCATALOG_COMPILER_APPICON_NAME = AppIcon;
				ASSETCATALOG_COMPILER_GLOBAL_ACCENT_COLOR_NAME = AccentColor;
				CODE_SIGN_STYLE = Automatic;
				CURRENT_PROJECT_VERSION = 1;
				GENERATE_INFOPLIST_FILE = YES;
				INFOPLIST_FILE = "iOS (App)/Info.plist";
				INFOPLIST_KEY_CFBundleDisplayName = "Grok Limit UI";
				INFOPLIST_KEY_UIApplicationSupportsIndirectInputEvents = YES;
				INFOPLIST_KEY_UILaunchStoryboardName = LaunchScreen;
				INFOPLIST_KEY_UIMainStoryboardFile = Main;
				INFOPLIST_KEY_UISupportedInterfaceOrientations = "UIInterfaceOrientationPortrait UIInterfaceOrientationLandscapeLeft UIInterfaceOrientationLandscapeRight";
				INFOPLIST_KEY_UISupportedInterfaceOrientations_iPad = "UIInterfaceOrientationPortrait UIInterfaceOrientationPortraitUpsideDown UIInterfaceOrientationLandscapeLeft UIInterfaceOrientationLandscapeRight";
				IPHONEOS_DEPLOYMENT_TARGET = 15.0;
				LD_RUNPATH_SEARCH_PATHS = (
					"$(inherited)",
					"@executable_path/Frameworks",
				);
				MARKETING_VERSION = 1.0;
				OTHER_LDFLAGS = (
					"-framework",
					SafariServices,
					"-framework",
					WebKit,
				);
				PRODUCT_BUNDLE_IDENTIFIER = "com.yourCompany.Grok-Limit-UI";
				PRODUCT_NAME = "Grok Limit UI";
				SDKROOT = iphoneos;
				SWIFT_EMIT_LOC_STRINGS = YES;
				SWIFT_VERSION = 5.0;
				TARGETED_DEVICE_FAMILY = "1,2";
				VALIDATE_PRODUCT = YES;
			};
			name = Release;
		};
		370580EF2D8E33140066FC43 /* Debug */ = {
			isa = XCBuildConfiguration;
			buildSettings = {
				CODE_SIGN_ENTITLEMENTS = "macOS (Extension)/Grok Limit UI.entitlements";
				CODE_SIGN_STYLE = Automatic;
				CURRENT_PROJECT_VERSION = 1;
				ENABLE_HARDENED_RUNTIME = YES;
				GENERATE_INFOPLIST_FILE = YES;
				INFOPLIST_FILE = "macOS (Extension)/Info.plist";
				INFOPLIST_KEY_CFBundleDisplayName = "Grok Limit UI Extension";
				INFOPLIST_KEY_NSHumanReadableCopyright = "";
				LD_RUNPATH_SEARCH_PATHS = (
					"$(inherited)",
					"@executable_path/../Frameworks",
					"@executable_path/../../../../Frameworks",
				);
				MACOSX_DEPLOYMENT_TARGET = 10.14;
				MARKETING_VERSION = 1.0;
				OTHER_LDFLAGS = (
					"-framework",
					SafariServices,
				);
				PRODUCT_BUNDLE_IDENTIFIER = "com.yourCompany.Grok-Limit-UI.Extension";
				PRODUCT_NAME = "Grok Limit UI Extension";
				SDKROOT = macosx;
				SKIP_INSTALL = YES;
				SWIFT_EMIT_LOC_STRINGS = YES;
				SWIFT_VERSION = 5.0;
			};
			name = Debug;
		};
		370580F02D8E33140066FC43 /* Release */ = {
			isa = XCBuildConfiguration;
			buildSettings = {
				CODE_SIGN_ENTITLEMENTS = "macOS (Extension)/Grok Limit UI.entitlements";
				CODE_SIGN_STYLE = Automatic;
				CURRENT_PROJECT_VERSION = 1;
				ENABLE_HARDENED_RUNTIME = YES;
				GENERATE_INFOPLIST_FILE = YES;
				INFOPLIST_FILE = "macOS (Extension)/Info.plist";
				INFOPLIST_KEY_CFBundleDisplayName = "Grok Limit UI Extension";
				INFOPLIST_KEY_NSHumanReadableCopyright = "";
				LD_RUNPATH_SEARCH_PATHS = (
					"$(inherited)",
					"@executable_path/../Frameworks",
					"@executable_path/../../../../Frameworks",
				);
				MACOSX_DEPLOYMENT_TARGET = 10.14;
				MARKETING_VERSION = 1.0;
				OTHER_LDFLAGS = (
					"-framework",
					SafariServices,
				);
				PRODUCT_BUNDLE_IDENTIFIER = "com.yourCompany.Grok-Limit-UI.Extension";
				PRODUCT_NAME = "Grok Limit UI Extension";
				SDKROOT = macosx;
				SKIP_INSTALL = YES;
				SWIFT_EMIT_LOC_STRINGS = YES;
				SWIFT_VERSION = 5.0;
			};
			name = Release;
		};
		370580F32D8E33140066FC43 /* Debug */ = {
			isa = XCBuildConfiguration;
			buildSettings = {
				ASSETCATALOG_COMPILER_APPICON_NAME = AppIcon;
				ASSETCATALOG_COMPILER_GLOBAL_ACCENT_COLOR_NAME = AccentColor;
				CODE_SIGN_ENTITLEMENTS = "macOS (App)/Grok Limit UI.entitlements";
				CODE_SIGN_STYLE = Automatic;
				CURRENT_PROJECT_VERSION = 1;
				ENABLE_HARDENED_RUNTIME = YES;
				GENERATE_INFOPLIST_FILE = YES;
				INFOPLIST_FILE = "macOS (App)/Info.plist";
				INFOPLIST_KEY_CFBundleDisplayName = "Grok Limit UI";
				INFOPLIST_KEY_NSMainStoryboardFile = Main;
				INFOPLIST_KEY_NSPrincipalClass = NSApplication;
				LD_RUNPATH_SEARCH_PATHS = (
					"$(inherited)",
					"@executable_path/../Frameworks",
				);
				MACOSX_DEPLOYMENT_TARGET = 10.14;
				MARKETING_VERSION = 1.0;
				OTHER_LDFLAGS = (
					"-framework",
					SafariServices,
					"-framework",
					WebKit,
				);
				PRODUCT_BUNDLE_IDENTIFIER = "com.yourCompany.Grok-Limit-UI";
				PRODUCT_NAME = "Grok Limit UI";
				SDKROOT = macosx;
				SWIFT_EMIT_LOC_STRINGS = YES;
				SWIFT_VERSION = 5.0;
			};
			name = Debug;
		};
		370580F42D8E33140066FC43 /* Release */ = {
			isa = XCBuildConfiguration;
			buildSettings = {
				ASSETCATALOG_COMPILER_APPICON_NAME = AppIcon;
				ASSETCATALOG_COMPILER_GLOBAL_ACCENT_COLOR_NAME = AccentColor;
				CODE_SIGN_ENTITLEMENTS = "macOS (App)/Grok Limit UI.entitlements";
				CODE_SIGN_STYLE = Automatic;
				CURRENT_PROJECT_VERSION = 1;
				ENABLE_HARDENED_RUNTIME = YES;
				GENERATE_INFOPLIST_FILE = YES;
				INFOPLIST_FILE = "macOS (App)/Info.plist";
				INFOPLIST_KEY_CFBundleDisplayName = "Grok Limit UI";
				INFOPLIST_KEY_NSMainStoryboardFile = Main;
				INFOPLIST_KEY_NSPrincipalClass = NSApplication;
				LD_RUNPATH_SEARCH_PATHS = (
					"$(inherited)",
					"@executable_path/../Frameworks",
				);
				MACOSX_DEPLOYMENT_TARGET = 10.14;
				MARKETING_VERSION = 1.0;
				OTHER_LDFLAGS = (
					"-framework",
					SafariServices,
					"-framework",
					WebKit,
				);
				PRODUCT_BUNDLE_IDENTIFIER = "com.yourCompany.Grok-Limit-UI";
				PRODUCT_NAME = "Grok Limit UI";
				SDKROOT = macosx;
				SWIFT_EMIT_LOC_STRINGS = YES;
				SWIFT_VERSION = 5.0;
			};
			name = Release;
		};
/* End XCBuildConfiguration section */

/* Begin XCConfigurationList section */
		370580972D8E33120066FC43 /* Build configuration list for PBXProject "Grok Limit UI" */ = {
			isa = XCConfigurationList;
			buildConfigurations = (
				370580E52D8E33140066FC43 /* Debug */,
				370580E62D8E33140066FC43 /* Release */,
			);
			defaultConfigurationIsVisible = 0;
			defaultConfigurationName = Release;
		};
		370580E72D8E33140066FC43 /* Build configuration list for PBXNativeTarget "Grok Limit UI Extension (iOS)" */ = {
			isa = XCConfigurationList;
			buildConfigurations = (
				370580E82D8E33140066FC43 /* Debug */,
				370580E92D8E33140066FC43 /* Release */,
			);
			defaultConfigurationIsVisible = 0;
			defaultConfigurationName = Release;
		};
		370580EB2D8E33140066FC43 /* Build configuration list for PBXNativeTarget "Grok Limit UI (iOS)" */ = {
			isa = XCConfigurationList;
			buildConfigurations = (
				370580EC2D8E33140066FC43 /* Debug */,
				370580ED2D8E33140066FC43 /* Release */,
			);
			defaultConfigurationIsVisible = 0;
			defaultConfigurationName = Release;
		};
		370580EE2D8E33140066FC43 /* Build configuration list for PBXNativeTarget "Grok Limit UI Extension (macOS)" */ = {
			isa = XCConfigurationList;
			buildConfigurations = (
				370580EF2D8E33140066FC43 /* Debug */,
				370580F02D8E33140066FC43 /* Release */,
			);
			defaultConfigurationIsVisible = 0;
			defaultConfigurationName = Release;
		};
		370580F22D8E33140066FC43 /* Build configuration list for PBXNativeTarget "Grok Limit UI (macOS)" */ = {
			isa = XCConfigurationList;
			buildConfigurations = (
				370580F32D8E33140066FC43 /* Debug */,
				370580F42D8E33140066FC43 /* Release */,
			);
			defaultConfigurationIsVisible = 0;
			defaultConfigurationName = Release;
		};
/* End XCConfigurationList section */
	};
	rootObject = 370580942D8E33120066FC43 /* Project object */;
}
